
Microsoft Visual Studio Solution File, Format Version 12.00
# Visual Studio Version 16
VisualStudioVersion = 16.0.29411.108
MinimumVisualStudioVersion = 10.0.40219.1
Project("{8BC9CEB8-8B4A-11D0-8D11-00A0C91BC942}") = "FloatingBlobs", "FloatingBlobs.vcxproj", "{5E88CBF0-5BF1-44E2-B712-6FAA21725511}"
EndProject
Project("{8BC9CEB8-8B4A-11D0-8D11-00A0C91BC942}") = "ArduinoEmu", "..\intern\ArduinoEmu\ArduinoEmu.vcxproj", "{F02E3314-68B7-4DE7-836C-A480CF3420BB}"
EndProject
Global
	GlobalSection(SolutionConfigurationPlatforms) = preSolution
		Debug|x64 = Debug|x64
		Debug|x86 = Debug|x86
		Release|x64 = Release|x64
		Release|x86 = Release|x86
	EndGlobalSection
	GlobalSection(ProjectConfigurationPlatforms) = postSolution
		{5E88CBF0-5BF1-44E2-B712-6FAA21725511}.Debug|x64.ActiveCfg = Debug|x64
		{5E88CBF0-5BF1-44E2-B712-6FAA21725511}.Debug|x64.Build.0 = Debug|x64
		{5E88CBF0-5BF1-44E2-B712-6FAA21725511}.Debug|x86.ActiveCfg = Debug|Win32
		{5E88CBF0-5BF1-44E2-B712-6FAA21725511}.Debug|x86.Build.0 = Debug|Win32
		{5E88CBF0-5BF1-44E2-B712-6FAA21725511}.Release|x64.ActiveCfg = Release|x64
		{5E88CBF0-5BF1-44E2-B712-6FAA21725511}.Release|x64.Build.0 = Release|x64
		{5E88CBF0-5BF1-44E2-B712-6FAA21725511}.Release|x86.ActiveCfg = Release|Win32
		{5E88CBF0-5BF1-44E2-B712-6FAA21725511}.Release|x86.Build.0 = Release|Win32
		{F02E3314-68B7-4DE7-836C-A480CF3420BB}.Debug|x64.ActiveCfg = Debug|x64
		{F02E3314-68B7-4DE7-836C-A480CF3420BB}.Debug|x64.Build.0 = Debug|x64
		{F02E3314-68B7-4DE7-836C-A480CF3420BB}.Debug|x86.ActiveCfg = Debug|Win32
		{F02E3314-68B7-4DE7-836C-A480CF3420BB}.Debug|x86.Build.0 = Debug|Win32
		{F02E3314-68B7-4DE7-836C-A480CF3420BB}.Release|x64.ActiveCfg = Release|x64
		{F02E3314-68B7-4DE7-836C-A480CF3420BB}.Release|x64.Build.0 = Release|x64
		{F02E3314-68B7-4DE7-836C-A480CF3420BB}.Release|x86.ActiveCfg = Release|Win32
		{F02E3314-68B7-4DE7-836C-A480CF3420BB}.Release|x86.Build.0 = Release|Win32
	EndGlobalSection
	GlobalSection(SolutionProperties) = preSolution
		HideSolutionNode = FALSE
	EndGlobalSection
	GlobalSection(ExtensibilityGlobals) = postSolution
		SolutionGuid = {BFA6891D-0326-4629-AAE9-B66047F4210D}
	EndGlobalSection
EndGlobal
